version: 6
environments:
  default:
    channels:
    - url: https://conda.anaconda.org/conda-forge/
    options:
      pypi-prerelease-mode: if-necessary-or-explicit
    packages:
      linux-64:
      - conda: https://conda.anaconda.org/conda-forge/linux-64/_libgcc_mutex-0.1-conda_forge.tar.bz2
      - conda: https://conda.anaconda.org/conda-forge/linux-64/_openmp_mutex-4.5-2_gnu.tar.bz2
      - conda: https://conda.anaconda.org/conda-forge/linux-64/hugo-0.154.5-hecca717_0.conda
      - conda: https://conda.anaconda.org/conda-forge/linux-64/libgcc-15.1.0-h767d61c_3.conda
      - conda: https://conda.anaconda.org/conda-forge/linux-64/libgomp-15.1.0-h767d61c_3.conda
      - conda: https://conda.anaconda.org/conda-forge/linux-64/libstdcxx-15.1.0-h8f9b012_3.conda
      osx-arm64:
      - conda: https://conda.anaconda.org/conda-forge/osx-arm64/hugo-0.154.5-ha4d9615_0.conda
      - conda: https://conda.anaconda.org/conda-forge/osx-arm64/libcxx-20.1.7-ha82da77_0.conda
packages:
- conda: https://conda.anaconda.org/conda-forge/linux-64/_libgcc_mutex-0.1-conda_forge.tar.bz2
  sha256: fe51de6107f9edc7aa4f786a70f4a883943bc9d39b3bb7307c04c41410990726
  md5: d7c89558ba9fa0495403155b64376d81
  license: None
  size: 2562
  timestamp: 1578324546067
- conda: https://conda.anaconda.org/conda-forge/linux-64/_openmp_mutex-4.5-2_gnu.tar.bz2
  build_number: 16
  sha256: fbe2c5e56a653bebb982eda4876a9178aedfc2b545f25d0ce9c4c0b508253d22
  md5: 73aaf86a425cc6e73fcf236a5a46396d
  depends:
  - _libgcc_mutex 0.1 conda_forge
  - libgomp >=7.5.0
  constrains:
  - openmp_impl 9999
  license: BSD-3-Clause
  license_family: BSD
  size: 23621
  timestamp: 1650670423406
- conda: https://conda.anaconda.org/conda-forge/linux-64/hugo-0.154.5-hecca717_0.conda
  sha256: d0d56f2985803009f5248a76ba33baf272b41b528fe9208a0d7c2885690c51ab
  md5: ea4d50a3273a01ba462643709d71b9cd
  depends:
  - __glibc >=2.17
  - __glibc >=2.17,<3.0.a0
  - libgcc >=14
  - libstdcxx >=14
  license: Apache-2.0
  license_family: APACHE
  size: 18403168
  timestamp: 1768298518899
- conda: https://conda.anaconda.org/conda-forge/osx-arm64/hugo-0.154.5-ha4d9615_0.conda
  sha256: a87f25e4890b876cc9b6d3d9cd035290dc4edf11a3f84f5093cc06d064bd5fb3
  md5: e922799404b96cc8d9529efd335b4ff7
  depends:
  - __osx >=12.3
  - libcxx >=19
  license: Apache-2.0
  license_family: APACHE
  size: 16271300
  timestamp: 1768299292109
- conda: https://conda.anaconda.org/conda-forge/osx-arm64/libcxx-20.1.7-ha82da77_0.conda
  sha256: a3fd34773f1252a4f089e74a075ff5f0f6b878aede097e83a405f35687c36f24
  md5: 881de227abdddbe596239fa9e82eb3ab
  depends:
  - __osx >=11.0
  license: Apache-2.0 WITH LLVM-exception
  license_family: Apache
  size: 567189
  timestamp: 1749847129529
- conda: https://conda.anaconda.org/conda-forge/linux-64/libgcc-15.1.0-h767d61c_3.conda
  sha256: 59a87161212abe8acc57d318b0cc8636eb834cdfdfddcf1f588b5493644b39a3
  md5: 9e60c55e725c20d23125a5f0dd69af5d
  depends:
  - __glibc >=2.17,<3.0.a0
  - _openmp_mutex >=4.5
  constrains:
  - libgcc-ng ==15.1.0=*_3
  - libgomp 15.1.0 h767d61c_3
  license: GPL-3.0-only WITH GCC-exception-3.1
  size: 824921
  timestamp: 1750808216066
- conda: https://conda.anaconda.org/conda-forge/linux-64/libgomp-15.1.0-h767d61c_3.conda
  sha256: 43710ab4de0cd7ff8467abff8d11e7bb0e36569df04ce1c099d48601818f11d1
  md5: 3cd1a7238a0dd3d0860fdefc496cc854
  depends:
  - __glibc >=2.17,<3.0.a0
  license: GPL-3.0-only WITH GCC-exception-3.1
  size: 447068
  timestamp: 1750808138400
- conda: https://conda.anaconda.org/conda-forge/linux-64/libstdcxx-15.1.0-h8f9b012_3.conda
  sha256: 7650837344b7850b62fdba02155da0b159cf472b9ab59eb7b472f7bd01dff241
  md5: 6d11a5edae89fe413c0569f16d308f5a
  depends:
  - __glibc >=2.17,<3.0.a0
  - libgcc 15.1.0 h767d61c_3
  license: GPL-3.0-only WITH GCC-exception-3.1
  size: 3896407
  timestamp: 1750808251302
